
Microsoft Visual Studio Solution File, Format Version 12.00
# Visual Studio 15
VisualStudioVersion = 15.0.27428.2015
MinimumVisualStudioVersion = 10.0.40219.1
Project("{8BC9CEB8-8B4A-11D0-8D11-00A0C91BC942}") = "exa", "exa\exa.vcxproj", "{A03F214E-CEE9-45BE-A0CC-84AD5FA1372A}"
EndProject
Project("{2150E333-8FDC-42A3-9474-1A3956D46DE8}") = "Solution Items", "Solution Items", "{912AD5B2-81C6-42F3-B94E-35B0C1AAB40F}"
	ProjectSection(SolutionItems) = preProject
		.clang-format = .clang-format
	EndProjectSection
EndProject
Project("{8BC9CEB8-8B4A-11D0-8D11-00A0C91BC942}") = "exa_test", "exa_test\exa_test.vcxproj", "{DEFD172F-0055-460B-9F29-9C5E2D402572}"
EndProject
Global
	GlobalSection(SolutionConfigurationPlatforms) = preSolution
		Debug|x64 = Debug|x64
		Debug|x86 = Debug|x86
		Release|x64 = Release|x64
		Release|x86 = Release|x86
	EndGlobalSection
	GlobalSection(ProjectConfigurationPlatforms) = postSolution
		{A03F214E-CEE9-45BE-A0CC-84AD5FA1372A}.Debug|x64.ActiveCfg = Debug|x64
		{A03F214E-CEE9-45BE-A0CC-84AD5FA1372A}.Debug|x64.Build.0 = Debug|x64
		{A03F214E-CEE9-45BE-A0CC-84AD5FA1372A}.Debug|x86.ActiveCfg = Debug|Win32
		{A03F214E-CEE9-45BE-A0CC-84AD5FA1372A}.Debug|x86.Build.0 = Debug|Win32
		{A03F214E-CEE9-45BE-A0CC-84AD5FA1372A}.Release|x64.ActiveCfg = Release|x64
		{A03F214E-CEE9-45BE-A0CC-84AD5FA1372A}.Release|x64.Build.0 = Release|x64
		{A03F214E-CEE9-45BE-A0CC-84AD5FA1372A}.Release|x86.ActiveCfg = Release|Win32
		{A03F214E-CEE9-45BE-A0CC-84AD5FA1372A}.Release|x86.Build.0 = Release|Win32
		{DEFD172F-0055-460B-9F29-9C5E2D402572}.Debug|x64.ActiveCfg = Debug|x64
		{DEFD172F-0055-460B-9F29-9C5E2D402572}.Debug|x64.Build.0 = Debug|x64
		{DEFD172F-0055-460B-9F29-9C5E2D402572}.Debug|x86.ActiveCfg = Debug|Win32
		{DEFD172F-0055-460B-9F29-9C5E2D402572}.Debug|x86.Build.0 = Debug|Win32
		{DEFD172F-0055-460B-9F29-9C5E2D402572}.Release|x64.ActiveCfg = Release|x64
		{DEFD172F-0055-460B-9F29-9C5E2D402572}.Release|x64.Build.0 = Release|x64
		{DEFD172F-0055-460B-9F29-9C5E2D402572}.Release|x86.ActiveCfg = Release|Win32
		{DEFD172F-0055-460B-9F29-9C5E2D402572}.Release|x86.Build.0 = Release|Win32
	EndGlobalSection
	GlobalSection(SolutionProperties) = preSolution
		HideSolutionNode = FALSE
	EndGlobalSection
	GlobalSection(ExtensibilityGlobals) = postSolution
		SolutionGuid = {60026478-61C0-4EFF-8FF7-C5F8A0B62874}
	EndGlobalSection
EndGlobal
